
Microsoft Visual Studio Solution File, Format Version 12.00
# Visual Studio Version 16
VisualStudioVersion = 16.0.30804.86
MinimumVisualStudioVersion = 10.0.40219.1
Project("{FAE04EC0-301F-11D3-BF4B-00C04F79EFBC}") = "DDNS4Me", "DDNS4Me\DDNS4Me.csproj", "{2D66B471-A5E8-413B-95F0-9EAF051667C4}"
EndProject
Global
	GlobalSection(SolutionConfigurationPlatforms) = preSolution
		Debug|Any CPU = Debug|Any CPU
		Release|Any CPU = Release|Any CPU
	EndGlobalSection
	GlobalSection(ProjectConfigurationPlatforms) = postSolution
		{2D66B471-A5E8-413B-95F0-9EAF051667C4}.Debug|Any CPU.ActiveCfg = Debug|Any CPU
		{2D66B471-A5E8-413B-95F0-9EAF051667C4}.Debug|Any CPU.Build.0 = Debug|Any CPU
		{2D66B471-A5E8-413B-95F0-9EAF051667C4}.Release|Any CPU.ActiveCfg = Release|Any CPU
		{2D66B471-A5E8-413B-95F0-9EAF051667C4}.Release|Any CPU.Build.0 = Release|Any CPU
	EndGlobalSection
	GlobalSection(SolutionProperties) = preSolution
		HideSolutionNode = FALSE
	EndGlobalSection
	GlobalSection(ExtensibilityGlobals) = postSolution
		SolutionGuid = {CAAF75ED-1309-428A-845A-7B4BE7AB8F66}
	EndGlobalSection
EndGlobal
